// !$*UTF8*$!
{
	archiveVersion = 1;
	classes = {
	};
	objectVersion = 48;
	objects = {

/* Begin PBXBuildFile section */
		07620CBDA6F77C424CB7876E /* libPods-LampTest.a in Frameworks */ = {isa = PBXBuildFile; fileRef = ACA77AE9F959321FE61FCB75 /* libPods-LampTest.a */; };
		FD07E46D1E6EEF5F00064F52 /* logo@2x.png in Resources */ = {isa = PBXBuildFile; fileRef = FD07E46A1E6EEF5F00064F52 /* logo@2x.png */; };
		FD07E46E1E6EEF5F00064F52 /* logo@1x.png in Resources */ = {isa = PBXBuildFile; fileRef = FD07E46B1E6EEF5F00064F52 /* logo@1x.png */; };
		FD07E46F1E6EEF5F00064F52 /* logo@3x.png in Resources */ = {isa = PBXBuildFile; fileRef = FD07E46C1E6EEF5F00064F52 /* logo@3x.png */; };
		FD2044021E5E094700B64D8B /* LTTLamp.m in Sources */ = {isa = PBXBuildFile; fileRef = FD2044011E5E094700B64D8B /* LTTLamp.m */; };
		FD2044051E5E0D4E00B64D8B /* LTTSettingsViewController.m in Sources */ = {isa = PBXBuildFile; fileRef = FD2044041E5E0D4E00B64D8B /* LTTSettingsViewController.m */; };
		FD20440A1E5F489E00B64D8B /* UIColor+LTTColors.m in Sources */ = {isa = PBXBuildFile; fileRef = FD2044091E5F489E00B64D8B /* UIColor+LTTColors.m */; };
		FD2044101E5F4A5600B64D8B /* Main.storyboard in Resources */ = {isa = PBXBuildFile; fileRef = FD20440C1E5F4A5600B64D8B /* Main.storyboard */; };
		FD2044111E5F4A5600B64D8B /* LaunchScreen.storyboard in Resources */ = {isa = PBXBuildFile; fileRef = FD20440E1E5F4A5600B64D8B /* LaunchScreen.storyboard */; };
		FD2044131E5F4A6A00B64D8B /* led.csv in Resources */ = {isa = PBXBuildFile; fileRef = FD2044121E5F4A6A00B64D8B /* led.csv */; };
		FD27AEAB1E5DC6110033A04E /* main.m in Sources */ = {isa = PBXBuildFile; fileRef = FD27AEAA1E5DC6110033A04E /* main.m */; };
		FD27AEAE1E5DC6110033A04E /* AppDelegate.m in Sources */ = {isa = PBXBuildFile; fileRef = FD27AEAD1E5DC6110033A04E /* AppDelegate.m */; };
		FD27AEB61E5DC6110033A04E /* Assets.xcassets in Resources */ = {isa = PBXBuildFile; fileRef = FD27AEB51E5DC6110033A04E /* Assets.xcassets */; };
		FD28268C1E5F897F001C36E7 /* LTTLampListViewController.m in Sources */ = {isa = PBXBuildFile; fileRef = FD28268B1E5F897F001C36E7 /* LTTLampListViewController.m */; };
		FD28268F1E5F8999001C36E7 /* LTTLampListTVC.m in Sources */ = {isa = PBXBuildFile; fileRef = FD28268E1E5F8999001C36E7 /* LTTLampListTVC.m */; };
		FD2826921E5F89B3001C36E7 /* LTTLampListViewModel.m in Sources */ = {isa = PBXBuildFile; fileRef = FD2826911E5F89B3001C36E7 /* LTTLampListViewModel.m */; };
		FD2826951E60A2AF001C36E7 /* LTTLampListTVCell.m in Sources */ = {isa = PBXBuildFile; fileRef = FD2826941E60A2AF001C36E7 /* LTTLampListTVCell.m */; };
		FD2826981E60B70E001C36E7 /* LTTScannerViewController.m in Sources */ = {isa = PBXBuildFile; fileRef = FD2826971E60B70E001C36E7 /* LTTScannerViewController.m */; };
		FD4562B41E5F6DAB00CC8074 /* LTTParser.m in Sources */ = {isa = PBXBuildFile; fileRef = FD4562B31E5F6DAB00CC8074 /* LTTParser.m */; };
		FD5F6EEB1E702BA2004B02B6 /* LTTFiltersViewController.m in Sources */ = {isa = PBXBuildFile; fileRef = FD5F6EEA1E702BA2004B02B6 /* LTTFiltersViewController.m */; };
		FD5F6EEE1E702BBE004B02B6 /* LTTFiltersTVC.m in Sources */ = {isa = PBXBuildFile; fileRef = FD5F6EED1E702BBE004B02B6 /* LTTFiltersTVC.m */; };
		FD5F6EF11E702C3C004B02B6 /* LTTFilterTVCell.m in Sources */ = {isa = PBXBuildFile; fileRef = FD5F6EF01E702C3C004B02B6 /* LTTFilterTVCell.m */; };
		FD5F6EF41E71C900004B02B6 /* LTTFilterManager.m in Sources */ = {isa = PBXBuildFile; fileRef = FD5F6EF31E71C900004B02B6 /* LTTFilterManager.m */; };
		FD5F6EF81E71CC28004B02B6 /* LTTMainAssembly.m in Sources */ = {isa = PBXBuildFile; fileRef = FD5F6EF71E71CC28004B02B6 /* LTTMainAssembly.m */; };
		FDCCDE6B1E746AB100F749CF /* LTTFilter.m in Sources */ = {isa = PBXBuildFile; fileRef = FDCCDE6A1E746AB100F749CF /* LTTFilter.m */; };
		FDCCDE6E1E75AD5B00F749CF /* LTTFilterStringViewController.m in Sources */ = {isa = PBXBuildFile; fileRef = FDCCDE6D1E75AD5B00F749CF /* LTTFilterStringViewController.m */; };
		FDCCDE711E75C6E800F749CF /* LTTFilterNumericViewController.m in Sources */ = {isa = PBXBuildFile; fileRef = FDCCDE701E75C6E800F749CF /* LTTFilterNumericViewController.m */; };
		FDDB40471E7C7C8E00111E31 /* UIViewController+LTTMultilineTitle.m in Sources */ = {isa = PBXBuildFile; fileRef = FDDB40461E7C7C8E00111E31 /* UIViewController+LTTMultilineTitle.m */; };
		FDDB404A1E7C7CF700111E31 /* UIFont+LTTFonts.m in Sources */ = {isa = PBXBuildFile; fileRef = FDDB40491E7C7CF700111E31 /* UIFont+LTTFonts.m */; };
		FDDB404D1E7C8AC200111E31 /* UIBarButtonItem+Badge.m in Sources */ = {isa = PBXBuildFile; fileRef = FDDB404B1E7C8AC200111E31 /* UIBarButtonItem+Badge.m */; };
		FDDB40501E7C918400111E31 /* NSString+LTTCapitalize.m in Sources */ = {isa = PBXBuildFile; fileRef = FDDB404F1E7C918400111E31 /* NSString+LTTCapitalize.m */; };
		FDE8D2B41E7808BD00A602C4 /* LTTFilterEnumViewController.m in Sources */ = {isa = PBXBuildFile; fileRef = FDE8D2B31E7808BD00A602C4 /* LTTFilterEnumViewController.m */; };
		FDE8D2B71E7809BC00A602C4 /* LTTFilterEnumTVC.m in Sources */ = {isa = PBXBuildFile; fileRef = FDE8D2B61E7809BC00A602C4 /* LTTFilterEnumTVC.m */; };
		FDE8D2BA1E7809DE00A602C4 /* LTTFilterEnumTVCell.m in Sources */ = {isa = PBXBuildFile; fileRef = FDE8D2B91E7809DE00A602C4 /* LTTFilterEnumTVCell.m */; };
		FDFA98691E6CA84D00E97187 /* LTTLampDetailsViewController.m in Sources */ = {isa = PBXBuildFile; fileRef = FDFA98681E6CA84D00E97187 /* LTTLampDetailsViewController.m */; };
		FDFA986C1E6D34AE00E97187 /* LTTLampDetailsTVC.m in Sources */ = {isa = PBXBuildFile; fileRef = FDFA986B1E6D34AE00E97187 /* LTTLampDetailsTVC.m */; };
		FDFA986F1E6D34DD00E97187 /* LTTLampDetailsParameterTVCell.m in Sources */ = {isa = PBXBuildFile; fileRef = FDFA986E1E6D34DD00E97187 /* LTTLampDetailsParameterTVCell.m */; };
		FDFA98731E6D679700E97187 /* LTTRoundButton.m in Sources */ = {isa = PBXBuildFile; fileRef = FDFA98721E6D679700E97187 /* LTTRoundButton.m */; };
		FDFA98751E6D79B900E97187 /* default.db in Resources */ = {isa = PBXBuildFile; fileRef = FDFA98741E6D79B900E97187 /* default.db */; };
		FDFA98781E6DF7BB00E97187 /* LTTImageViewController.m in Sources */ = {isa = PBXBuildFile; fileRef = FDFA98771E6DF7BB00E97187 /* LTTImageViewController.m */; };
/* End PBXBuildFile section */

/* Begin PBXFileReference section */
		9FD6F84AD3D0FF5A9B0070BC /* Pods-LampTest.debug.xcconfig */ = {isa = PBXFileReference; includeInIndex = 1; lastKnownFileType = text.xcconfig; name = "Pods-LampTest.debug.xcconfig"; path = "Pods/Target Support Files/Pods-LampTest/Pods-LampTest.debug.xcconfig"; sourceTree = "<group>"; };
		ACA77AE9F959321FE61FCB75 /* libPods-LampTest.a */ = {isa = PBXFileReference; explicitFileType = archive.ar; includeInIndex = 0; path = "libPods-LampTest.a"; sourceTree = BUILT_PRODUCTS_DIR; };
		DAF11A716F529D2A455D68ED /* Pods-LampTest.release.xcconfig */ = {isa = PBXFileReference; includeInIndex = 1; lastKnownFileType = text.xcconfig; name = "Pods-LampTest.release.xcconfig"; path = "Pods/Target Support Files/Pods-LampTest/Pods-LampTest.release.xcconfig"; sourceTree = "<group>"; };
		FD07E46A1E6EEF5F00064F52 /* logo@2x.png */ = {isa = PBXFileReference; lastKnownFileType = image.png; path = "logo@2x.png"; sourceTree = "<group>"; };
		FD07E46B1E6EEF5F00064F52 /* logo@1x.png */ = {isa = PBXFileReference; lastKnownFileType = image.png; path = "logo@1x.png"; sourceTree = "<group>"; };
		FD07E46C1E6EEF5F00064F52 /* logo@3x.png */ = {isa = PBXFileReference; lastKnownFileType = image.png; path = "logo@3x.png"; sourceTree = "<group>"; };
		FD2044001E5E094700B64D8B /* LTTLamp.h */ = {isa = PBXFileReference; fileEncoding = 4; lastKnownFileType = sourcecode.c.h; path = LTTLamp.h; sourceTree = "<group>"; };
		FD2044011E5E094700B64D8B /* LTTLamp.m */ = {isa = PBXFileReference; fileEncoding = 4; lastKnownFileType = sourcecode.c.objc; path = LTTLamp.m; sourceTree = "<group>"; };
		FD2044031E5E0D4E00B64D8B /* LTTSettingsViewController.h */ = {isa = PBXFileReference; fileEncoding = 4; lastKnownFileType = sourcecode.c.h; path = LTTSettingsViewController.h; sourceTree = "<group>"; };
		FD2044041E5E0D4E00B64D8B /* LTTSettingsViewController.m */ = {isa = PBXFileReference; fileEncoding = 4; lastKnownFileType = sourcecode.c.objc; path = LTTSettingsViewController.m; sourceTree = "<group>"; };
		FD2044061E5E0DD000B64D8B /* LampTest.pch */ = {isa = PBXFileReference; fileEncoding = 4; lastKnownFileType = sourcecode.c.h; path = LampTest.pch; sourceTree = "<group>"; };
		FD2044081E5F489E00B64D8B /* UIColor+LTTColors.h */ = {isa = PBXFileReference; fileEncoding = 4; lastKnownFileType = sourcecode.c.h; path = "UIColor+LTTColors.h"; sourceTree = "<group>"; };
		FD2044091E5F489E00B64D8B /* UIColor+LTTColors.m */ = {isa = PBXFileReference; fileEncoding = 4; lastKnownFileType = sourcecode.c.objc; path = "UIColor+LTTColors.m"; sourceTree = "<group>"; };
		FD20440D1E5F4A5600B64D8B /* Base */ = {isa = PBXFileReference; lastKnownFileType = file.storyboard; name = Base; path = Base.lproj/Main.storyboard; sourceTree = "<group>"; };
		FD20440F1E5F4A5600B64D8B /* Base */ = {isa = PBXFileReference; lastKnownFileType = file.storyboard; name = Base; path = Base.lproj/LaunchScreen.storyboard; sourceTree = "<group>"; };
		FD2044121E5F4A6A00B64D8B /* led.csv */ = {isa = PBXFileReference; fileEncoding = 4; lastKnownFileType = text; path = led.csv; sourceTree = "<group>"; };
		FD27AEA61E5DC6110033A04E /* LampTest.app */ = {isa = PBXFileReference; explicitFileType = wrapper.application; includeInIndex = 0; path = LampTest.app; sourceTree = BUILT_PRODUCTS_DIR; };
		FD27AEAA1E5DC6110033A04E /* main.m */ = {isa = PBXFileReference; lastKnownFileType = sourcecode.c.objc; path = main.m; sourceTree = "<group>"; };
		FD27AEAC1E5DC6110033A04E /* AppDelegate.h */ = {isa = PBXFileReference; lastKnownFileType = sourcecode.c.h; path = AppDelegate.h; sourceTree = "<group>"; };
		FD27AEAD1E5DC6110033A04E /* AppDelegate.m */ = {isa = PBXFileReference; lastKnownFileType = sourcecode.c.objc; path = AppDelegate.m; sourceTree = "<group>"; };
		FD27AEB51E5DC6110033A04E /* Assets.xcassets */ = {isa = PBXFileReference; lastKnownFileType = folder.assetcatalog; path = Assets.xcassets; sourceTree = "<group>"; };
		FD27AEBA1E5DC6120033A04E /* Info.plist */ = {isa = PBXFileReference; lastKnownFileType = text.plist.xml; path = Info.plist; sourceTree = "<group>"; };
		FD28268A1E5F897E001C36E7 /* LTTLampListViewController.h */ = {isa = PBXFileReference; fileEncoding = 4; lastKnownFileType = sourcecode.c.h; path = LTTLampListViewController.h; sourceTree = "<group>"; };
		FD28268B1E5F897F001C36E7 /* LTTLampListViewController.m */ = {isa = PBXFileReference; fileEncoding = 4; lastKnownFileType = sourcecode.c.objc; path = LTTLampListViewController.m; sourceTree = "<group>"; };
		FD28268D1E5F8999001C36E7 /* LTTLampListTVC.h */ = {isa = PBXFileReference; fileEncoding = 4; lastKnownFileType = sourcecode.c.h; path = LTTLampListTVC.h; sourceTree = "<group>"; };
		FD28268E1E5F8999001C36E7 /* LTTLampListTVC.m */ = {isa = PBXFileReference; fileEncoding = 4; lastKnownFileType = sourcecode.c.objc; path = LTTLampListTVC.m; sourceTree = "<group>"; };
		FD2826901E5F89B3001C36E7 /* LTTLampListViewModel.h */ = {isa = PBXFileReference; fileEncoding = 4; lastKnownFileType = sourcecode.c.h; path = LTTLampListViewModel.h; sourceTree = "<group>"; };
		FD2826911E5F89B3001C36E7 /* LTTLampListViewModel.m */ = {isa = PBXFileReference; fileEncoding = 4; lastKnownFileType = sourcecode.c.objc; path = LTTLampListViewModel.m; sourceTree = "<group>"; };
		FD2826931E60A2AF001C36E7 /* LTTLampListTVCell.h */ = {isa = PBXFileReference; fileEncoding = 4; lastKnownFileType = sourcecode.c.h; path = LTTLampListTVCell.h; sourceTree = "<group>"; };
		FD2826941E60A2AF001C36E7 /* LTTLampListTVCell.m */ = {isa = PBXFileReference; fileEncoding = 4; lastKnownFileType = sourcecode.c.objc; path = LTTLampListTVCell.m; sourceTree = "<group>"; };
		FD2826961E60B70E001C36E7 /* LTTScannerViewController.h */ = {isa = PBXFileReference; fileEncoding = 4; lastKnownFileType = sourcecode.c.h; path = LTTScannerViewController.h; sourceTree = "<group>"; };
		FD2826971E60B70E001C36E7 /* LTTScannerViewController.m */ = {isa = PBXFileReference; fileEncoding = 4; lastKnownFileType = sourcecode.c.objc; path = LTTScannerViewController.m; sourceTree = "<group>"; };
		FD4562B21E5F6DAB00CC8074 /* LTTParser.h */ = {isa = PBXFileReference; fileEncoding = 4; lastKnownFileType = sourcecode.c.h; path = LTTParser.h; sourceTree = "<group>"; };
		FD4562B31E5F6DAB00CC8074 /* LTTParser.m */ = {isa = PBXFileReference; fileEncoding = 4; lastKnownFileType = sourcecode.c.objc; path = LTTParser.m; sourceTree = "<group>"; };
		FD5F6EE91E702BA2004B02B6 /* LTTFiltersViewController.h */ = {isa = PBXFileReference; fileEncoding = 4; lastKnownFileType = sourcecode.c.h; path = LTTFiltersViewController.h; sourceTree = "<group>"; };
		FD5F6EEA1E702BA2004B02B6 /* LTTFiltersViewController.m */ = {isa = PBXFileReference; fileEncoding = 4; lastKnownFileType = sourcecode.c.objc; path = LTTFiltersViewController.m; sourceTree = "<group>"; };
		FD5F6EEC1E702BBE004B02B6 /* LTTFiltersTVC.h */ = {isa = PBXFileReference; fileEncoding = 4; lastKnownFileType = sourcecode.c.h; path = LTTFiltersTVC.h; sourceTree = "<group>"; };
		FD5F6EED1E702BBE004B02B6 /* LTTFiltersTVC.m */ = {isa = PBXFileReference; fileEncoding = 4; lastKnownFileType = sourcecode.c.objc; path = LTTFiltersTVC.m; sourceTree = "<group>"; };
		FD5F6EEF1E702C3C004B02B6 /* LTTFilterTVCell.h */ = {isa = PBXFileReference; fileEncoding = 4; lastKnownFileType = sourcecode.c.h; path = LTTFilterTVCell.h; sourceTree = "<group>"; };
		FD5F6EF01E702C3C004B02B6 /* LTTFilterTVCell.m */ = {isa = PBXFileReference; fileEncoding = 4; lastKnownFileType = sourcecode.c.objc; path = LTTFilterTVCell.m; sourceTree = "<group>"; };
		FD5F6EF21E71C900004B02B6 /* LTTFilterManager.h */ = {isa = PBXFileReference; fileEncoding = 4; lastKnownFileType = sourcecode.c.h; path = LTTFilterManager.h; sourceTree = "<group>"; };
		FD5F6EF31E71C900004B02B6 /* LTTFilterManager.m */ = {isa = PBXFileReference; fileEncoding = 4; lastKnownFileType = sourcecode.c.objc; path = LTTFilterManager.m; sourceTree = "<group>"; };
		FD5F6EF61E71CC28004B02B6 /* LTTMainAssembly.h */ = {isa = PBXFileReference; fileEncoding = 4; lastKnownFileType = sourcecode.c.h; path = LTTMainAssembly.h; sourceTree = "<group>"; };
		FD5F6EF71E71CC28004B02B6 /* LTTMainAssembly.m */ = {isa = PBXFileReference; fileEncoding = 4; lastKnownFileType = sourcecode.c.objc; path = LTTMainAssembly.m; sourceTree = "<group>"; };
		FD5F6EF91E71CE38004B02B6 /* LTTSortEnum.h */ = {isa = PBXFileReference; lastKnownFileType = sourcecode.c.h; path = LTTSortEnum.h; sourceTree = "<group>"; };
		FD793AD71E72A07E0064C972 /* LTTFilterTypesEnum.h */ = {isa = PBXFileReference; fileEncoding = 4; lastKnownFileType = sourcecode.c.h; path = LTTFilterTypesEnum.h; sourceTree = "<group>"; };
		FDCCDE691E746AB100F749CF /* LTTFilter.h */ = {isa = PBXFileReference; fileEncoding = 4; lastKnownFileType = sourcecode.c.h; path = LTTFilter.h; sourceTree = "<group>"; };
		FDCCDE6A1E746AB100F749CF /* LTTFilter.m */ = {isa = PBXFileReference; fileEncoding = 4; lastKnownFileType = sourcecode.c.objc; path = LTTFilter.m; sourceTree = "<group>"; };
		FDCCDE6C1E75AD5B00F749CF /* LTTFilterStringViewController.h */ = {isa = PBXFileReference; fileEncoding = 4; lastKnownFileType = sourcecode.c.h; path = LTTFilterStringViewController.h; sourceTree = "<group>"; };
		FDCCDE6D1E75AD5B00F749CF /* LTTFilterStringViewController.m */ = {isa = PBXFileReference; fileEncoding = 4; lastKnownFileType = sourcecode.c.objc; path = LTTFilterStringViewController.m; sourceTree = "<group>"; };
		FDCCDE6F1E75C6E800F749CF /* LTTFilterNumericViewController.h */ = {isa = PBXFileReference; fileEncoding = 4; lastKnownFileType = sourcecode.c.h; path = LTTFilterNumericViewController.h; sourceTree = "<group>"; };
		FDCCDE701E75C6E800F749CF /* LTTFilterNumericViewController.m */ = {isa = PBXFileReference; fileEncoding = 4; lastKnownFileType = sourcecode.c.objc; path = LTTFilterNumericViewController.m; sourceTree = "<group>"; };
		FDDB40451E7C7C8E00111E31 /* UIViewController+LTTMultilineTitle.h */ = {isa = PBXFileReference; fileEncoding = 4; lastKnownFileType = sourcecode.c.h; path = "UIViewController+LTTMultilineTitle.h"; sourceTree = "<group>"; };
		FDDB40461E7C7C8E00111E31 /* UIViewController+LTTMultilineTitle.m */ = {isa = PBXFileReference; fileEncoding = 4; lastKnownFileType = sourcecode.c.objc; path = "UIViewController+LTTMultilineTitle.m"; sourceTree = "<group>"; };
		FDDB40481E7C7CF700111E31 /* UIFont+LTTFonts.h */ = {isa = PBXFileReference; fileEncoding = 4; lastKnownFileType = sourcecode.c.h; path = "UIFont+LTTFonts.h"; sourceTree = "<group>"; };
		FDDB40491E7C7CF700111E31 /* UIFont+LTTFonts.m */ = {isa = PBXFileReference; fileEncoding = 4; lastKnownFileType = sourcecode.c.objc; path = "UIFont+LTTFonts.m"; sourceTree = "<group>"; };
		FDDB404B1E7C8AC200111E31 /* UIBarButtonItem+Badge.m */ = {isa = PBXFileReference; fileEncoding = 4; lastKnownFileType = sourcecode.c.objc; path = "UIBarButtonItem+Badge.m"; sourceTree = "<group>"; };
		FDDB404C1E7C8AC200111E31 /* UIBarButtonItem+Badge.h */ = {isa = PBXFileReference; fileEncoding = 4; lastKnownFileType = sourcecode.c.h; path = "UIBarButtonItem+Badge.h"; sourceTree = "<group>"; };
		FDDB404E1E7C918400111E31 /* NSString+LTTCapitalize.h */ = {isa = PBXFileReference; fileEncoding = 4; lastKnownFileType = sourcecode.c.h; path = "NSString+LTTCapitalize.h"; sourceTree = "<group>"; };
		FDDB404F1E7C918400111E31 /* NSString+LTTCapitalize.m */ = {isa = PBXFileReference; fileEncoding = 4; lastKnownFileType = sourcecode.c.objc; path = "NSString+LTTCapitalize.m"; sourceTree = "<group>"; };
		FDE8D2B21E7808BD00A602C4 /* LTTFilterEnumViewController.h */ = {isa = PBXFileReference; fileEncoding = 4; lastKnownFileType = sourcecode.c.h; path = LTTFilterEnumViewController.h; sourceTree = "<group>"; };
		FDE8D2B31E7808BD00A602C4 /* LTTFilterEnumViewController.m */ = {isa = PBXFileReference; fileEncoding = 4; lastKnownFileType = sourcecode.c.objc; path = LTTFilterEnumViewController.m; sourceTree = "<group>"; };
		FDE8D2B51E7809BC00A602C4 /* LTTFilterEnumTVC.h */ = {isa = PBXFileReference; fileEncoding = 4; lastKnownFileType = sourcecode.c.h; path = LTTFilterEnumTVC.h; sourceTree = "<group>"; };
		FDE8D2B61E7809BC00A602C4 /* LTTFilterEnumTVC.m */ = {isa = PBXFileReference; fileEncoding = 4; lastKnownFileType = sourcecode.c.objc; path = LTTFilterEnumTVC.m; sourceTree = "<group>"; };
		FDE8D2B81E7809DE00A602C4 /* LTTFilterEnumTVCell.h */ = {isa = PBXFileReference; fileEncoding = 4; lastKnownFileType = sourcecode.c.h; path = LTTFilterEnumTVCell.h; sourceTree = "<group>"; };
		FDE8D2B91E7809DE00A602C4 /* LTTFilterEnumTVCell.m */ = {isa = PBXFileReference; fileEncoding = 4; lastKnownFileType = sourcecode.c.objc; path = LTTFilterEnumTVCell.m; sourceTree = "<group>"; };
		FDFA98671E6CA84D00E97187 /* LTTLampDetailsViewController.h */ = {isa = PBXFileReference; fileEncoding = 4; lastKnownFileType = sourcecode.c.h; path = LTTLampDetailsViewController.h; sourceTree = "<group>"; };
		FDFA98681E6CA84D00E97187 /* LTTLampDetailsViewController.m */ = {isa = PBXFileReference; fileEncoding = 4; lastKnownFileType = sourcecode.c.objc; path = LTTLampDetailsViewController.m; sourceTree = "<group>"; };
		FDFA986A1E6D34AE00E97187 /* LTTLampDetailsTVC.h */ = {isa = PBXFileReference; fileEncoding = 4; lastKnownFileType = sourcecode.c.h; path = LTTLampDetailsTVC.h; sourceTree = "<group>"; };
		FDFA986B1E6D34AE00E97187 /* LTTLampDetailsTVC.m */ = {isa = PBXFileReference; fileEncoding = 4; lastKnownFileType = sourcecode.c.objc; path = LTTLampDetailsTVC.m; sourceTree = "<group>"; };
		FDFA986D1E6D34DD00E97187 /* LTTLampDetailsParameterTVCell.h */ = {isa = PBXFileReference; fileEncoding = 4; lastKnownFileType = sourcecode.c.h; path = LTTLampDetailsParameterTVCell.h; sourceTree = "<group>"; };
		FDFA986E1E6D34DD00E97187 /* LTTLampDetailsParameterTVCell.m */ = {isa = PBXFileReference; fileEncoding = 4; lastKnownFileType = sourcecode.c.objc; path = LTTLampDetailsParameterTVCell.m; sourceTree = "<group>"; };
		FDFA98701E6D380E00E97187 /* LTTParameterNamesEnum.h */ = {isa = PBXFileReference; lastKnownFileType = sourcecode.c.h; path = LTTParameterNamesEnum.h; sourceTree = "<group>"; };
		FDFA98711E6D679700E97187 /* LTTRoundButton.h */ = {isa = PBXFileReference; fileEncoding = 4; lastKnownFileType = sourcecode.c.h; path = LTTRoundButton.h; sourceTree = "<group>"; };
		FDFA98721E6D679700E97187 /* LTTRoundButton.m */ = {isa = PBXFileReference; fileEncoding = 4; lastKnownFileType = sourcecode.c.objc; path = LTTRoundButton.m; sourceTree = "<group>"; };
		FDFA98741E6D79B900E97187 /* default.db */ = {isa = PBXFileReference; lastKnownFileType = file; path = default.db; sourceTree = "<group>"; };
		FDFA98761E6DF7BB00E97187 /* LTTImageViewController.h */ = {isa = PBXFileReference; fileEncoding = 4; lastKnownFileType = sourcecode.c.h; path = LTTImageViewController.h; sourceTree = "<group>"; };
		FDFA98771E6DF7BB00E97187 /* LTTImageViewController.m */ = {isa = PBXFileReference; fileEncoding = 4; lastKnownFileType = sourcecode.c.objc; path = LTTImageViewController.m; sourceTree = "<group>"; };
/* End PBXFileReference section */

/* Begin PBXFrameworksBuildPhase section */
		FD27AEA31E5DC6110033A04E /* Frameworks */ = {
			isa = PBXFrameworksBuildPhase;
			buildActionMask = 2147483647;
			files = (
				07620CBDA6F77C424CB7876E /* libPods-LampTest.a in Frameworks */,
			);
			runOnlyForDeploymentPostprocessing = 0;
		};
/* End PBXFrameworksBuildPhase section */

/* Begin PBXGroup section */
		9470B9AD2766F1BA5746F602 /* Pods */ = {
			isa = PBXGroup;
			children = (
				9FD6F84AD3D0FF5A9B0070BC /* Pods-LampTest.debug.xcconfig */,
				DAF11A716F529D2A455D68ED /* Pods-LampTest.release.xcconfig */,
			);
			name = Pods;
			sourceTree = "<group>";
		};
		D2FD037414164B2083C27CF9 /* Frameworks */ = {
			isa = PBXGroup;
			children = (
				ACA77AE9F959321FE61FCB75 /* libPods-LampTest.a */,
			);
			name = Frameworks;
			sourceTree = "<group>";
		};
		FD07E4701E6EF4F300064F52 /* Settings */ = {
			isa = PBXGroup;
			children = (
				FD2044031E5E0D4E00B64D8B /* LTTSettingsViewController.h */,
				FD2044041E5E0D4E00B64D8B /* LTTSettingsViewController.m */,
			);
			path = Settings;
			sourceTree = "<group>";
		};
		FD07E4721E6EF52600064F52 /* LampList */ = {
			isa = PBXGroup;
			children = (
				FD28268A1E5F897E001C36E7 /* LTTLampListViewController.h */,
				FD28268B1E5F897F001C36E7 /* LTTLampListViewController.m */,
				FD28268D1E5F8999001C36E7 /* LTTLampListTVC.h */,
				FD28268E1E5F8999001C36E7 /* LTTLampListTVC.m */,
				FD2826931E60A2AF001C36E7 /* LTTLampListTVCell.h */,
				FD2826941E60A2AF001C36E7 /* LTTLampListTVCell.m */,
				FD2826901E5F89B3001C36E7 /* LTTLampListViewModel.h */,
				FD2826911E5F89B3001C36E7 /* LTTLampListViewModel.m */,
			);
			path = LampList;
			sourceTree = "<group>";
		};
		FD07E4731E6EF53000064F52 /* Scanner */ = {
			isa = PBXGroup;
			children = (
				FD2826961E60B70E001C36E7 /* LTTScannerViewController.h */,
				FD2826971E60B70E001C36E7 /* LTTScannerViewController.m */,
			);
			path = Scanner;
			sourceTree = "<group>";
		};
		FD07E4741E6EF53C00064F52 /* LampDetails */ = {
			isa = PBXGroup;
			children = (
				FDFA98671E6CA84D00E97187 /* LTTLampDetailsViewController.h */,
				FDFA98681E6CA84D00E97187 /* LTTLampDetailsViewController.m */,
				FDFA986A1E6D34AE00E97187 /* LTTLampDetailsTVC.h */,
				FDFA986B1E6D34AE00E97187 /* LTTLampDetailsTVC.m */,
				FDFA986D1E6D34DD00E97187 /* LTTLampDetailsParameterTVCell.h */,
				FDFA986E1E6D34DD00E97187 /* LTTLampDetailsParameterTVCell.m */,
				FDFA98761E6DF7BB00E97187 /* LTTImageViewController.h */,
				FDFA98771E6DF7BB00E97187 /* LTTImageViewController.m */,
			);
			path = LampDetails;
			sourceTree = "<group>";
		};
		FD07E4751E6EF57500064F52 /* Filters */ = {
			isa = PBXGroup;
			children = (
				FD5F6EE91E702BA2004B02B6 /* LTTFiltersViewController.h */,
				FD5F6EEA1E702BA2004B02B6 /* LTTFiltersViewController.m */,
				FD5F6EEC1E702BBE004B02B6 /* LTTFiltersTVC.h */,
				FD5F6EED1E702BBE004B02B6 /* LTTFiltersTVC.m */,
				FD5F6EEF1E702C3C004B02B6 /* LTTFilterTVCell.h */,
				FD5F6EF01E702C3C004B02B6 /* LTTFilterTVCell.m */,
				FDCCDE6C1E75AD5B00F749CF /* LTTFilterStringViewController.h */,
				FDCCDE6D1E75AD5B00F749CF /* LTTFilterStringViewController.m */,
				FDCCDE6F1E75C6E800F749CF /* LTTFilterNumericViewController.h */,
				FDCCDE701E75C6E800F749CF /* LTTFilterNumericViewController.m */,
				FDE8D2B21E7808BD00A602C4 /* LTTFilterEnumViewController.h */,
				FDE8D2B31E7808BD00A602C4 /* LTTFilterEnumViewController.m */,
				FDE8D2B51E7809BC00A602C4 /* LTTFilterEnumTVC.h */,
				FDE8D2B61E7809BC00A602C4 /* LTTFilterEnumTVC.m */,
				FDE8D2B81E7809DE00A602C4 /* LTTFilterEnumTVCell.h */,
				FDE8D2B91E7809DE00A602C4 /* LTTFilterEnumTVCell.m */,
			);
			path = Filters;
			sourceTree = "<group>";
		};
		FD2043FF1E5E092100B64D8B /* Model */ = {
			isa = PBXGroup;
			children = (
				FD2044001E5E094700B64D8B /* LTTLamp.h */,
				FD2044011E5E094700B64D8B /* LTTLamp.m */,
				FDCCDE691E746AB100F749CF /* LTTFilter.h */,
				FDCCDE6A1E746AB100F749CF /* LTTFilter.m */,
			);
			path = Model;
			sourceTree = "<group>";
		};
		FD2044071E5F488500B64D8B /* Helpers */ = {
			isa = PBXGroup;
			children = (
				FDFA98711E6D679700E97187 /* LTTRoundButton.h */,
				FDFA98721E6D679700E97187 /* LTTRoundButton.m */,
				FDDB40481E7C7CF700111E31 /* UIFont+LTTFonts.h */,
				FDDB40491E7C7CF700111E31 /* UIFont+LTTFonts.m */,
				FD2044081E5F489E00B64D8B /* UIColor+LTTColors.h */,
				FD2044091E5F489E00B64D8B /* UIColor+LTTColors.m */,
				FDDB40451E7C7C8E00111E31 /* UIViewController+LTTMultilineTitle.h */,
				FDDB40461E7C7C8E00111E31 /* UIViewController+LTTMultilineTitle.m */,
				FDDB404C1E7C8AC200111E31 /* UIBarButtonItem+Badge.h */,
				FDDB404B1E7C8AC200111E31 /* UIBarButtonItem+Badge.m */,
				FDDB404E1E7C918400111E31 /* NSString+LTTCapitalize.h */,
				FDDB404F1E7C918400111E31 /* NSString+LTTCapitalize.m */,
			);
			path = Helpers;
			sourceTree = "<group>";
		};
		FD20440B1E5F49D900B64D8B /* Resources */ = {
			isa = PBXGroup;
			children = (
				FD27AEB51E5DC6110033A04E /* Assets.xcassets */,
				FD20440E1E5F4A5600B64D8B /* LaunchScreen.storyboard */,
				FD20440C1E5F4A5600B64D8B /* Main.storyboard */,
				FDFA98741E6D79B900E97187 /* default.db */,
				FD2044121E5F4A6A00B64D8B /* led.csv */,
				FD07E46B1E6EEF5F00064F52 /* logo@1x.png */,
				FD07E46A1E6EEF5F00064F52 /* logo@2x.png */,
				FD07E46C1E6EEF5F00064F52 /* logo@3x.png */,
			);
			path = Resources;
			sourceTree = "<group>";
		};
		FD27AE9D1E5DC6110033A04E = {
			isa = PBXGroup;
			children = (
				FD27AEA81E5DC6110033A04E /* LampTest */,
				D2FD037414164B2083C27CF9 /* Frameworks */,
				FD27AEA71E5DC6110033A04E /* Products */,
				9470B9AD2766F1BA5746F602 /* Pods */,
			);
			sourceTree = "<group>";
		};
		FD27AEA71E5DC6110033A04E /* Products */ = {
			isa = PBXGroup;
			children = (
				FD27AEA61E5DC6110033A04E /* LampTest.app */,
			);
			name = Products;
			sourceTree = "<group>";
		};
		FD27AEA81E5DC6110033A04E /* LampTest */ = {
			isa = PBXGroup;
			children = (
				FD5F6EF51E71CA44004B02B6 /* Assembly */,
				FD07E4751E6EF57500064F52 /* Filters */,
				FD2044071E5F488500B64D8B /* Helpers */,
				FD07E4741E6EF53C00064F52 /* LampDetails */,
				FD07E4721E6EF52600064F52 /* LampList */,
				FD2043FF1E5E092100B64D8B /* Model */,
				FD4562B11E5F6D9100CC8074 /* Parser */,
				FD07E4731E6EF53000064F52 /* Scanner */,
				FD07E4701E6EF4F300064F52 /* Settings */,
				FD20440B1E5F49D900B64D8B /* Resources */,
				FD27AEA91E5DC6110033A04E /* Supporting Files */,
				FD27AEAC1E5DC6110033A04E /* AppDelegate.h */,
				FD27AEAD1E5DC6110033A04E /* AppDelegate.m */,
			);
			path = LampTest;
			sourceTree = "<group>";
		};
		FD27AEA91E5DC6110033A04E /* Supporting Files */ = {
			isa = PBXGroup;
			children = (
				FD27AEBA1E5DC6120033A04E /* Info.plist */,
				FD2044061E5E0DD000B64D8B /* LampTest.pch */,
				FD27AEAA1E5DC6110033A04E /* main.m */,
			);
			path = "Supporting Files";
			sourceTree = "<group>";
		};
		FD4562B11E5F6D9100CC8074 /* Parser */ = {
			isa = PBXGroup;
			children = (
				FD5F6EF21E71C900004B02B6 /* LTTFilterManager.h */,
				FD5F6EF31E71C900004B02B6 /* LTTFilterManager.m */,
				FD4562B21E5F6DAB00CC8074 /* LTTParser.h */,
				FD4562B31E5F6DAB00CC8074 /* LTTParser.m */,
				FDFA98701E6D380E00E97187 /* LTTParameterNamesEnum.h */,
				FD5F6EF91E71CE38004B02B6 /* LTTSortEnum.h */,
				FD793AD71E72A07E0064C972 /* LTTFilterTypesEnum.h */,
			);
			path = Parser;
			sourceTree = "<group>";
		};
		FD5F6EF51E71CA44004B02B6 /* Assembly */ = {
			isa = PBXGroup;
			children = (
				FD5F6EF61E71CC28004B02B6 /* LTTMainAssembly.h */,
				FD5F6EF71E71CC28004B02B6 /* LTTMainAssembly.m */,
			);
			path = Assembly;
			sourceTree = "<group>";
		};
/* End PBXGroup section */

/* Begin PBXNativeTarget section */
		FD27AEA51E5DC6110033A04E /* LampTest */ = {
			isa = PBXNativeTarget;
			buildConfigurationList = FD27AEBD1E5DC6120033A04E /* Build configuration list for PBXNativeTarget "LampTest" */;
			buildPhases = (
				225ED75530A21E2C4FE62D61 /* [CP] Check Pods Manifest.lock */,
				FD27AEA21E5DC6110033A04E /* Sources */,
				FD27AEA31E5DC6110033A04E /* Frameworks */,
				FD27AEA41E5DC6110033A04E /* Resources */,
				8B6F42FE43B8438D1E504FF6 /* [CP] Embed Pods Frameworks */,
				779D6CB766F118073571F79B /* [CP] Copy Pods Resources */,
				FD34C1AD1E805FB100FBDCDC /* Fabric/Crashlytics */,
			);
			buildRules = (
			);
			dependencies = (
			);
			name = LampTest;
			productName = LampTest;
			productReference = FD27AEA61E5DC6110033A04E /* LampTest.app */;
			productType = "com.apple.product-type.application";
		};
/* End PBXNativeTarget section */

/* Begin PBXProject section */
		FD27AE9E1E5DC6110033A04E /* Project object */ = {
			isa = PBXProject;
			attributes = {
				CLASSPREFIX = LTT;
				LastUpgradeCheck = 0820;
				ORGANIZATIONNAME = LampTest;
				TargetAttributes = {
					FD27AEA51E5DC6110033A04E = {
						CreatedOnToolsVersion = 8.2.1;
						DevelopmentTeam = PV7G447LWR;
						ProvisioningStyle = Automatic;
					};
				};
			};
			buildConfigurationList = FD27AEA11E5DC6110033A04E /* Build configuration list for PBXProject "LampTest" */;
			compatibilityVersion = "Xcode 8.0";
			developmentRegion = English;
			hasScannedForEncodings = 0;
			knownRegions = (
				Base,
			);
			mainGroup = FD27AE9D1E5DC6110033A04E;
			productRefGroup = FD27AEA71E5DC6110033A04E /* Products */;
			projectDirPath = "";
			projectRoot = "";
			targets = (
				FD27AEA51E5DC6110033A04E /* LampTest */,
			);
		};
/* End PBXProject section */

/* Begin PBXResourcesBuildPhase section */
		FD27AEA41E5DC6110033A04E /* Resources */ = {
			isa = PBXResourcesBuildPhase;
			buildActionMask = 2147483647;
			files = (
				FD2044111E5F4A5600B64D8B /* LaunchScreen.storyboard in Resources */,
				FD07E46D1E6EEF5F00064F52 /* logo@2x.png in Resources */,
				FD07E46F1E6EEF5F00064F52 /* logo@3x.png in Resources */,
				FD27AEB61E5DC6110033A04E /* Assets.xcassets in Resources */,
				FD07E46E1E6EEF5F00064F52 /* logo@1x.png in Resources */,
				FD2044131E5F4A6A00B64D8B /* led.csv in Resources */,
				FDFA98751E6D79B900E97187 /* default.db in Resources */,
				FD2044101E5F4A5600B64D8B /* Main.storyboard in Resources */,
			);
			runOnlyForDeploymentPostprocessing = 0;
		};
/* End PBXResourcesBuildPhase section */

/* Begin PBXShellScriptBuildPhase section */
		225ED75530A21E2C4FE62D61 /* [CP] Check Pods Manifest.lock */ = {
			isa = PBXShellScriptBuildPhase;
			buildActionMask = 2147483647;
			files = (
			);
			inputPaths = (
			);
			name = "[CP] Check Pods Manifest.lock";
			outputPaths = (
			);
			runOnlyForDeploymentPostprocessing = 0;
			shellPath = /bin/sh;
			shellScript = "diff \"${PODS_ROOT}/../Podfile.lock\" \"${PODS_ROOT}/Manifest.lock\" > /dev/null\nif [ $? != 0 ] ; then\n    # print error to STDERR\n    echo \"error: The sandbox is not in sync with the Podfile.lock. Run 'pod install' or update your CocoaPods installation.\" >&2\n    exit 1\nfi\n";
			showEnvVarsInLog = 0;
		};
		779D6CB766F118073571F79B /* [CP] Copy Pods Resources */ = {
			isa = PBXShellScriptBuildPhase;
			buildActionMask = 2147483647;
			files = (
			);
			inputPaths = (
			);
			name = "[CP] Copy Pods Resources";
			outputPaths = (
			);
			runOnlyForDeploymentPostprocessing = 0;
			shellPath = /bin/sh;
			shellScript = "\"${SRCROOT}/Pods/Target Support Files/Pods-LampTest/Pods-LampTest-resources.sh\"\n";
			showEnvVarsInLog = 0;
		};
		8B6F42FE43B8438D1E504FF6 /* [CP] Embed Pods Frameworks */ = {
			isa = PBXShellScriptBuildPhase;
			buildActionMask = 2147483647;
			files = (
			);
			inputPaths = (
			);
			name = "[CP] Embed Pods Frameworks";
			outputPaths = (
			);
			runOnlyForDeploymentPostprocessing = 0;
			shellPath = /bin/sh;
			shellScript = "\"${SRCROOT}/Pods/Target Support Files/Pods-LampTest/Pods-LampTest-frameworks.sh\"\n";
			showEnvVarsInLog = 0;
		};
		FD34C1AD1E805FB100FBDCDC /* Fabric/Crashlytics */ = {
			isa = PBXShellScriptBuildPhase;
			buildActionMask = 2147483647;
			files = (
			);
			inputPaths = (
			);
			name = Fabric/Crashlytics;
			outputPaths = (
			);
			runOnlyForDeploymentPostprocessing = 0;
			shellPath = /bin/sh;
			shellScript = "\"${PODS_ROOT}/Fabric/run\" 9f53a800a691548488565b2471a108aed2353718 61e007e752e4098b1c3e006f7965ddde916f526b0f345f5b050d3b45df66f551";
		};
/* End PBXShellScriptBuildPhase section */

/* Begin PBXSourcesBuildPhase section */
		FD27AEA21E5DC6110033A04E /* Sources */ = {
			isa = PBXSourcesBuildPhase;
			buildActionMask = 2147483647;
			files = (
				FDFA98691E6CA84D00E97187 /* LTTLampDetailsViewController.m in Sources */,
				FD27AEAE1E5DC6110033A04E /* AppDelegate.m in Sources */,
				FD5F6EF41E71C900004B02B6 /* LTTFilterManager.m in Sources */,
				FD2826981E60B70E001C36E7 /* LTTScannerViewController.m in Sources */,
				FDFA986F1E6D34DD00E97187 /* LTTLampDetailsParameterTVCell.m in Sources */,
				FD5F6EEE1E702BBE004B02B6 /* LTTFiltersTVC.m in Sources */,
				FDCCDE6B1E746AB100F749CF /* LTTFilter.m in Sources */,
				FD5F6EF11E702C3C004B02B6 /* LTTFilterTVCell.m in Sources */,
				FDDB40471E7C7C8E00111E31 /* UIViewController+LTTMultilineTitle.m in Sources */,
				FD5F6EF81E71CC28004B02B6 /* LTTMainAssembly.m in Sources */,
				FD28268C1E5F897F001C36E7 /* LTTLampListViewController.m in Sources */,
				FD2826921E5F89B3001C36E7 /* LTTLampListViewModel.m in Sources */,
				FD28268F1E5F8999001C36E7 /* LTTLampListTVC.m in Sources */,
				FDFA986C1E6D34AE00E97187 /* LTTLampDetailsTVC.m in Sources */,
				FD5F6EEB1E702BA2004B02B6 /* LTTFiltersViewController.m in Sources */,
				FDFA98731E6D679700E97187 /* LTTRoundButton.m in Sources */,
				FDFA98781E6DF7BB00E97187 /* LTTImageViewController.m in Sources */,
				FDE8D2BA1E7809DE00A602C4 /* LTTFilterEnumTVCell.m in Sources */,
				FD2826951E60A2AF001C36E7 /* LTTLampListTVCell.m in Sources */,
				FD4562B41E5F6DAB00CC8074 /* LTTParser.m in Sources */,
				FD2044021E5E094700B64D8B /* LTTLamp.m in Sources */,
				FDDB40501E7C918400111E31 /* NSString+LTTCapitalize.m in Sources */,
				FD2044051E5E0D4E00B64D8B /* LTTSettingsViewController.m in Sources */,
				FD20440A1E5F489E00B64D8B /* UIColor+LTTColors.m in Sources */,
				FDCCDE6E1E75AD5B00F749CF /* LTTFilterStringViewController.m in Sources */,
				FDDB404D1E7C8AC200111E31 /* UIBarButtonItem+Badge.m in Sources */,
				FDE8D2B41E7808BD00A602C4 /* LTTFilterEnumViewController.m in Sources */,
				FDCCDE711E75C6E800F749CF /* LTTFilterNumericViewController.m in Sources */,
				FD27AEAB1E5DC6110033A04E /* main.m in Sources */,
				FDE8D2B71E7809BC00A602C4 /* LTTFilterEnumTVC.m in Sources */,
				FDDB404A1E7C7CF700111E31 /* UIFont+LTTFonts.m in Sources */,
			);
			runOnlyForDeploymentPostprocessing = 0;
		};
/* End PBXSourcesBuildPhase section */

/* Begin PBXVariantGroup section */
		FD20440C1E5F4A5600B64D8B /* Main.storyboard */ = {
			isa = PBXVariantGroup;
			children = (
				FD20440D1E5F4A5600B64D8B /* Base */,
			);
			name = Main.storyboard;
			path = .;
			sourceTree = "<group>";
		};
		FD20440E1E5F4A5600B64D8B /* LaunchScreen.storyboard */ = {
			isa = PBXVariantGroup;
			children = (
				FD20440F1E5F4A5600B64D8B /* Base */,
			);
			name = LaunchScreen.storyboard;
			path = .;
			sourceTree = "<group>";
		};
/* End PBXVariantGroup section */

/* Begin XCBuildConfiguration section */
		FD27AEBB1E5DC6120033A04E /* Debug */ = {
			isa = XCBuildConfiguration;
			buildSettings = {
				ALWAYS_SEARCH_USER_PATHS = NO;
				CLANG_ANALYZER_LOCALIZABILITY_NONLOCALIZED = YES;
				CLANG_ANALYZER_NONNULL = YES;
				CLANG_CXX_LANGUAGE_STANDARD = "gnu++0x";
				CLANG_CXX_LIBRARY = "libc++";
				CLANG_ENABLE_MODULES = YES;
				CLANG_ENABLE_OBJC_ARC = YES;
				CLANG_WARN_BOOL_CONVERSION = YES;
				CLANG_WARN_CONSTANT_CONVERSION = YES;
				CLANG_WARN_DIRECT_OBJC_ISA_USAGE = YES_ERROR;
				CLANG_WARN_DOCUMENTATION_COMMENTS = YES;
				CLANG_WARN_EMPTY_BODY = YES;
				CLANG_WARN_ENUM_CONVERSION = YES;
				CLANG_WARN_INFINITE_RECURSION = YES;
				CLANG_WARN_INT_CONVERSION = YES;
				CLANG_WARN_OBJC_ROOT_CLASS = YES_ERROR;
				CLANG_WARN_SUSPICIOUS_MOVE = YES;
				CLANG_WARN_UNREACHABLE_CODE = YES;
				CLANG_WARN__DUPLICATE_METHOD_MATCH = YES;
				"CODE_SIGN_IDENTITY[sdk=iphoneos*]" = "iPhone Developer";
				COPY_PHASE_STRIP = NO;
				DEBUG_INFORMATION_FORMAT = dwarf;
				ENABLE_STRICT_OBJC_MSGSEND = YES;
				ENABLE_TESTABILITY = YES;
				GCC_C_LANGUAGE_STANDARD = gnu99;
				GCC_DYNAMIC_NO_PIC = NO;
				GCC_NO_COMMON_BLOCKS = YES;
				GCC_OPTIMIZATION_LEVEL = 0;
				GCC_PREPROCESSOR_DEFINITIONS = (
					"DEBUG=1",
					"$(inherited)",
				);
				GCC_WARN_64_TO_32_BIT_CONVERSION = YES;
				GCC_WARN_ABOUT_RETURN_TYPE = YES_ERROR;
				GCC_WARN_UNDECLARED_SELECTOR = YES;
				GCC_WARN_UNINITIALIZED_AUTOS = YES_AGGRESSIVE;
				GCC_WARN_UNUSED_FUNCTION = YES;
				GCC_WARN_UNUSED_VARIABLE = YES;
				IPHONEOS_DEPLOYMENT_TARGET = 8.0;
				MTL_ENABLE_DEBUG_INFO = YES;
				ONLY_ACTIVE_ARCH = YES;
				SDKROOT = iphoneos;
			};
			name = Debug;
		};
		FD27AEBC1E5DC6120033A04E /* Release */ = {
			isa = XCBuildConfiguration;
			buildSettings = {
				ALWAYS_SEARCH_USER_PATHS = NO;
				CLANG_ANALYZER_LOCALIZABILITY_NONLOCALIZED = YES;
				CLANG_ANALYZER_NONNULL = YES;
				CLANG_CXX_LANGUAGE_STANDARD = "gnu++0x";
				CLANG_CXX_LIBRARY = "libc++";
				CLANG_ENABLE_MODULES = YES;
				CLANG_ENABLE_OBJC_ARC = YES;
				CLANG_WARN_BOOL_CONVERSION = YES;
				CLANG_WARN_CONSTANT_CONVERSION = YES;
				CLANG_WARN_DIRECT_OBJC_ISA_USAGE = YES_ERROR;
				CLANG_WARN_DOCUMENTATION_COMMENTS = YES;
				CLANG_WARN_EMPTY_BODY = YES;
				CLANG_WARN_ENUM_CONVERSION = YES;
				CLANG_WARN_INFINITE_RECURSION = YES;
				CLANG_WARN_INT_CONVERSION = YES;
				CLANG_WARN_OBJC_ROOT_CLASS = YES_ERROR;
				CLANG_WARN_SUSPICIOUS_MOVE = YES;
				CLANG_WARN_UNREACHABLE_CODE = YES;
				CLANG_WARN__DUPLICATE_METHOD_MATCH = YES;
				"CODE_SIGN_IDENTITY[sdk=iphoneos*]" = "iPhone Developer";
				COPY_PHASE_STRIP = NO;
				DEBUG_INFORMATION_FORMAT = "dwarf-with-dsym";
				ENABLE_NS_ASSERTIONS = NO;
				ENABLE_STRICT_OBJC_MSGSEND = YES;
				GCC_C_LANGUAGE_STANDARD = gnu99;
				GCC_NO_COMMON_BLOCKS = YES;
				GCC_WARN_64_TO_32_BIT_CONVERSION = YES;
				GCC_WARN_ABOUT_RETURN_TYPE = YES_ERROR;
				GCC_WARN_UNDECLARED_SELECTOR = YES;
				GCC_WARN_UNINITIALIZED_AUTOS = YES_AGGRESSIVE;
				GCC_WARN_UNUSED_FUNCTION = YES;
				GCC_WARN_UNUSED_VARIABLE = YES;
				IPHONEOS_DEPLOYMENT_TARGET = 8.0;
				MTL_ENABLE_DEBUG_INFO = NO;
				SDKROOT = iphoneos;
				VALIDATE_PRODUCT = YES;
			};
			name = Release;
		};
		FD27AEBE1E5DC6120033A04E /* Debug */ = {
			isa = XCBuildConfiguration;
			baseConfigurationReference = 9FD6F84AD3D0FF5A9B0070BC /* Pods-LampTest.debug.xcconfig */;
			buildSettings = {
				ASSETCATALOG_COMPILER_APPICON_NAME = AppIcon;
				DEBUG_INFORMATION_FORMAT = "dwarf-with-dsym";
				DEVELOPMENT_TEAM = PV7G447LWR;
				GCC_PRECOMPILE_PREFIX_HEADER = YES;
				GCC_PREFIX_HEADER = "LampTest/Supporting Files/LampTest.pch";
				INFOPLIST_FILE = "LampTest/Supporting Files/Info.plist";
				IPHONEOS_DEPLOYMENT_TARGET = 8.0;
				LD_RUNPATH_SEARCH_PATHS = "$(inherited) @executable_path/Frameworks";
				PRODUCT_BUNDLE_IDENTIFIER = ru.LampTest.ios;
				PRODUCT_NAME = "$(TARGET_NAME)";
			};
			name = Debug;
		};
		FD27AEBF1E5DC6120033A04E /* Release */ = {
			isa = XCBuildConfiguration;
			baseConfigurationReference = DAF11A716F529D2A455D68ED /* Pods-LampTest.release.xcconfig */;
			buildSettings = {
				ASSETCATALOG_COMPILER_APPICON_NAME = AppIcon;
				DEVELOPMENT_TEAM = PV7G447LWR;
				GCC_PRECOMPILE_PREFIX_HEADER = YES;
				GCC_PREFIX_HEADER = "LampTest/Supporting Files/LampTest.pch";
				INFOPLIST_FILE = "LampTest/Supporting Files/Info.plist";
				IPHONEOS_DEPLOYMENT_TARGET = 8.0;
				LD_RUNPATH_SEARCH_PATHS = "$(inherited) @executable_path/Frameworks";
				PRODUCT_BUNDLE_IDENTIFIER = ru.LampTest.ios;
				PRODUCT_NAME = "$(TARGET_NAME)";
			};
			name = Release;
		};
/* End XCBuildConfiguration section */

/* Begin XCConfigurationList section */
		FD27AEA11E5DC6110033A04E /* Build configuration list for PBXProject "LampTest" */ = {
			isa = XCConfigurationList;
			buildConfigurations = (
				FD27AEBB1E5DC6120033A04E /* Debug */,
				FD27AEBC1E5DC6120033A04E /* Release */,
			);
			defaultConfigurationIsVisible = 0;
			defaultConfigurationName = Release;
		};
		FD27AEBD1E5DC6120033A04E /* Build configuration list for PBXNativeTarget "LampTest" */ = {
			isa = XCConfigurationList;
			buildConfigurations = (
				FD27AEBE1E5DC6120033A04E /* Debug */,
				FD27AEBF1E5DC6120033A04E /* Release */,
			);
			defaultConfigurationIsVisible = 0;
			defaultConfigurationName = Release;
		};
/* End XCConfigurationList section */
	};
	rootObject = FD27AE9E1E5DC6110033A04E /* Project object */;
}
